
Microsoft Visual Studio Solution File, Format Version 12.00
# Visual Studio 14
VisualStudioVersion = 14.0.25420.1
MinimumVisualStudioVersion = 10.0.40219.1
Project("{FAE04EC0-301F-11D3-BF4B-00C04F79EFBC}") = "Win10Calc", "Win10Calc\Win10Calc.csproj", "{45C629CC-DEA8-483B-AAD4-9E64F0838707}"
EndProject
Project("{FAE04EC0-301F-11D3-BF4B-00C04F79EFBC}") = "CalculatorPortable", "CalculatorPortable\CalculatorPortable.csproj", "{67F9D3A8-F71E-4428-913F-C37AE82CDB24}"
EndProject
Project("{FAE04EC0-301F-11D3-BF4B-00C04F79EFBC}") = "AndroidCalc", "AndroidCalc\AndroidCalc.csproj", "{09C12438-B8A2-422D-B6C7-872B566B7366}"
EndProject
Global
	GlobalSection(SolutionConfigurationPlatforms) = preSolution
		Debug|Any CPU = Debug|Any CPU
		Release|Any CPU = Release|Any CPU
	EndGlobalSection
	GlobalSection(ProjectConfigurationPlatforms) = postSolution
		{45C629CC-DEA8-483B-AAD4-9E64F0838707}.Debug|Any CPU.ActiveCfg = Debug|Any CPU
		{45C629CC-DEA8-483B-AAD4-9E64F0838707}.Debug|Any CPU.Build.0 = Debug|Any CPU
		{45C629CC-DEA8-483B-AAD4-9E64F0838707}.Release|Any CPU.ActiveCfg = Release|Any CPU
		{45C629CC-DEA8-483B-AAD4-9E64F0838707}.Release|Any CPU.Build.0 = Release|Any CPU
		{67F9D3A8-F71E-4428-913F-C37AE82CDB24}.Debug|Any CPU.ActiveCfg = Debug|Any CPU
		{67F9D3A8-F71E-4428-913F-C37AE82CDB24}.Debug|Any CPU.Build.0 = Debug|Any CPU
		{67F9D3A8-F71E-4428-913F-C37AE82CDB24}.Release|Any CPU.ActiveCfg = Release|Any CPU
		{67F9D3A8-F71E-4428-913F-C37AE82CDB24}.Release|Any CPU.Build.0 = Release|Any CPU
		{09C12438-B8A2-422D-B6C7-872B566B7366}.Debug|Any CPU.ActiveCfg = Debug|Any CPU
		{09C12438-B8A2-422D-B6C7-872B566B7366}.Debug|Any CPU.Build.0 = Debug|Any CPU
		{09C12438-B8A2-422D-B6C7-872B566B7366}.Debug|Any CPU.Deploy.0 = Debug|Any CPU
		{09C12438-B8A2-422D-B6C7-872B566B7366}.Release|Any CPU.ActiveCfg = Release|Any CPU
		{09C12438-B8A2-422D-B6C7-872B566B7366}.Release|Any CPU.Build.0 = Release|Any CPU
		{09C12438-B8A2-422D-B6C7-872B566B7366}.Release|Any CPU.Deploy.0 = Release|Any CPU
	EndGlobalSection
	GlobalSection(SolutionProperties) = preSolution
		HideSolutionNode = FALSE
	EndGlobalSection
EndGlobal
